
Microsoft Visual Studio Solution File, Format Version 12.00
# Visual Studio Version 17
VisualStudioVersion = 17.0.31903.59
MinimumVisualStudioVersion = 10.0.40219.1
Project("{FAE04EC0-301F-11D3-BF4B-00C04F79EFBC}") = "UserCrudApi.Api", "UserCrudApi.Api\UserCrudApi.Api.csproj", "{3EAAA2E7-BA88-4E44-955B-EFE4BD4B139B}"
EndProject
Project("{FAE04EC0-301F-11D3-BF4B-00C04F79EFBC}") = "UserCrudApi.Tests", "UserCrudApi.Tests\UserCrudApi.Tests.csproj", "{FC161B7C-C65E-4F79-9765-44996C6C7117}"
EndProject
Global
	GlobalSection(SolutionConfigurationPlatforms) = preSolution
		Debug|Any CPU = Debug|Any CPU
		Debug|x64 = Debug|x64
		Debug|x86 = Debug|x86
		Release|Any CPU = Release|Any CPU
		Release|x64 = Release|x64
		Release|x86 = Release|x86
	EndGlobalSection
	GlobalSection(ProjectConfigurationPlatforms) = postSolution
		{3EAAA2E7-BA88-4E44-955B-EFE4BD4B139B}.Debug|Any CPU.ActiveCfg = Debug|Any CPU
		{3EAAA2E7-BA88-4E44-955B-EFE4BD4B139B}.Debug|Any CPU.Build.0 = Debug|Any CPU
		{3EAAA2E7-BA88-4E44-955B-EFE4BD4B139B}.Debug|x64.ActiveCfg = Debug|Any CPU
		{3EAAA2E7-BA88-4E44-955B-EFE4BD4B139B}.Debug|x64.Build.0 = Debug|Any CPU
		{3EAAA2E7-BA88-4E44-955B-EFE4BD4B139B}.Debug|x86.ActiveCfg = Debug|Any CPU
		{3EAAA2E7-BA88-4E44-955B-EFE4BD4B139B}.Debug|x86.Build.0 = Debug|Any CPU
		{3EAAA2E7-BA88-4E44-955B-EFE4BD4B139B}.Release|Any CPU.ActiveCfg = Release|Any CPU
		{3EAAA2E7-BA88-4E44-955B-EFE4BD4B139B}.Release|Any CPU.Build.0 = Release|Any CPU
		{3EAAA2E7-BA88-4E44-955B-EFE4BD4B139B}.Release|x64.ActiveCfg = Release|Any CPU
		{3EAAA2E7-BA88-4E44-955B-EFE4BD4B139B}.Release|x64.Build.0 = Release|Any CPU
		{3EAAA2E7-BA88-4E44-955B-EFE4BD4B139B}.Release|x86.ActiveCfg = Release|Any CPU
		{3EAAA2E7-BA88-4E44-955B-EFE4BD4B139B}.Release|x86.Build.0 = Release|Any CPU
		{FC161B7C-C65E-4F79-9765-44996C6C7117}.Debug|Any CPU.ActiveCfg = Debug|Any CPU
		{FC161B7C-C65E-4F79-9765-44996C6C7117}.Debug|Any CPU.Build.0 = Debug|Any CPU
		{FC161B7C-C65E-4F79-9765-44996C6C7117}.Debug|x64.ActiveCfg = Debug|Any CPU
		{FC161B7C-C65E-4F79-9765-44996C6C7117}.Debug|x64.Build.0 = Debug|Any CPU
		{FC161B7C-C65E-4F79-9765-44996C6C7117}.Debug|x86.ActiveCfg = Debug|Any CPU
		{FC161B7C-C65E-4F79-9765-44996C6C7117}.Debug|x86.Build.0 = Debug|Any CPU
		{FC161B7C-C65E-4F79-9765-44996C6C7117}.Release|Any CPU.ActiveCfg = Release|Any CPU
		{FC161B7C-C65E-4F79-9765-44996C6C7117}.Release|Any CPU.Build.0 = Release|Any CPU
		{FC161B7C-C65E-4F79-9765-44996C6C7117}.Release|x64.ActiveCfg = Release|Any CPU
		{FC161B7C-C65E-4F79-9765-44996C6C7117}.Release|x64.Build.0 = Release|Any CPU
		{FC161B7C-C65E-4F79-9765-44996C6C7117}.Release|x86.ActiveCfg = Release|Any CPU
		{FC161B7C-C65E-4F79-9765-44996C6C7117}.Release|x86.Build.0 = Release|Any CPU
	EndGlobalSection
	GlobalSection(SolutionProperties) = preSolution
		HideSolutionNode = FALSE
	EndGlobalSection
EndGlobal
